// !$*UTF8*$!
{
	archiveVersion = 1;
	classes = {
	};
	objectVersion = 55;
	objects = {

/* Begin PBXBuildFile section */
		B654CDC027D589DD006B1B46 /* AppDelegate.swift in Sources */ = {isa = PBXBuildFile; fileRef = B654CDBF27D589DD006B1B46 /* AppDelegate.swift */; };
		B654CDC227D589DD006B1B46 /* SceneDelegate.swift in Sources */ = {isa = PBXBuildFile; fileRef = B654CDC127D589DD006B1B46 /* SceneDelegate.swift */; };
		B654CDC427D589DD006B1B46 /* ViewController.swift in Sources */ = {isa = PBXBuildFile; fileRef = B654CDC327D589DD006B1B46 /* ViewController.swift */; };
		B654CDC727D589DD006B1B46 /* Main.storyboard in Resources */ = {isa = PBXBuildFile; fileRef = B654CDC527D589DD006B1B46 /* Main.storyboard */; };
		B654CDC927D589DD006B1B46 /* Assets.xcassets in Resources */ = {isa = PBXBuildFile; fileRef = B654CDC827D589DD006B1B46 /* Assets.xcassets */; };
		B654CDCC27D589DD006B1B46 /* LaunchScreen.storyboard in Resources */ = {isa = PBXBuildFile; fileRef = B654CDCA27D589DD006B1B46 /* LaunchScreen.storyboard */; };
		B654CDD727D589DD006B1B46 /* SampleTests.swift in Sources */ = {isa = PBXBuildFile; fileRef = B654CDD627D589DD006B1B46 /* SampleTests.swift */; };
		B654CDE127D589DE006B1B46 /* SampleUITests.swift in Sources */ = {isa = PBXBuildFile; fileRef = B654CDE027D589DE006B1B46 /* SampleUITests.swift */; };
		B654CDE327D589DE006B1B46 /* SampleUITestsLaunchTests.swift in Sources */ = {isa = PBXBuildFile; fileRef = B654CDE227D589DE006B1B46 /* SampleUITestsLaunchTests.swift */; };
/* End PBXBuildFile section */

/* Begin PBXContainerItemProxy section */
		B654CDD327D589DD006B1B46 /* PBXContainerItemProxy */ = {
			isa = PBXContainerItemProxy;
			containerPortal = B654CDB427D589DD006B1B46 /* Project object */;
			proxyType = 1;
			remoteGlobalIDString = B654CDBB27D589DD006B1B46;
			remoteInfo = Sample;
		};
		B654CDDD27D589DE006B1B46 /* PBXContainerItemProxy */ = {
			isa = PBXContainerItemProxy;
			containerPortal = B654CDB427D589DD006B1B46 /* Project object */;
			proxyType = 1;
			remoteGlobalIDString = B654CDBB27D589DD006B1B46;
			remoteInfo = Sample;
		};
/* End PBXContainerItemProxy section */

/* Begin PBXFileReference section */
		B654CDBC27D589DD006B1B46 /* Sample.app */ = {isa = PBXFileReference; explicitFileType = wrapper.application; includeInIndex = 0; path = Sample.app; sourceTree = BUILT_PRODUCTS_DIR; };
		B654CDBF27D589DD006B1B46 /* AppDelegate.swift */ = {isa = PBXFileReference; lastKnownFileType = sourcecode.swift; path = AppDelegate.swift; sourceTree = "<group>"; };
		B654CDC127D589DD006B1B46 /* SceneDelegate.swift */ = {isa = PBXFileReference; lastKnownFileType = sourcecode.swift; path = SceneDelegate.swift; sourceTree = "<group>"; };
		B654CDC327D589DD006B1B46 /* ViewController.swift */ = {isa = PBXFileReference; lastKnownFileType = sourcecode.swift; path = ViewController.swift; sourceTree = "<group>"; };
		B654CDC627D589DD006B1B46 /* Base */ = {isa = PBXFileReference; lastKnownFileType = file.storyboard; name = Base; path = Base.lproj/Main.storyboard; sourceTree = "<group>"; };
		B654CDC827D589DD006B1B46 /* Assets.xcassets */ = {isa = PBXFileReference; lastKnownFileType = folder.assetcatalog; path = Assets.xcassets; sourceTree = "<group>"; };
		B654CDCB27D589DD006B1B46 /* Base */ = {isa = PBXFileReference; lastKnownFileType = file.storyboard; name = Base; path = Base.lproj/LaunchScreen.storyboard; sourceTree = "<group>"; };
		B654CDCD27D589DD006B1B46 /* Info.plist */ = {isa = PBXFileReference; lastKnownFileType = text.plist.xml; path = Info.plist; sourceTree = "<group>"; };
		B654CDD227D589DD006B1B46 /* SampleTests.xctest */ = {isa = PBXFileReference; explicitFileType = wrapper.cfbundle; includeInIndex = 0; path = SampleTests.xctest; sourceTree = BUILT_PRODUCTS_DIR; };
		B654CDD627D589DD006B1B46 /* SampleTests.swift */ = {isa = PBXFileReference; lastKnownFileType = sourcecode.swift; path = SampleTests.swift; sourceTree = "<group>"; };
		B654CDDC27D589DE006B1B46 /* SampleUITests.xctest */ = {isa = PBXFileReference; explicitFileType = wrapper.cfbundle; includeInIndex = 0; path = SampleUITests.xctest; sourceTree = BUILT_PRODUCTS_DIR; };
		B654CDE027D589DE006B1B46 /* SampleUITests.swift */ = {isa = PBXFileReference; lastKnownFileType = sourcecode.swift; path = SampleUITests.swift; sourceTree = "<group>"; };
		B654CDE227D589DE006B1B46 /* SampleUITestsLaunchTests.swift */ = {isa = PBXFileReference; lastKnownFileType = sourcecode.swift; path = SampleUITestsLaunchTests.swift; sourceTree = "<group>"; };
/* End PBXFileReference section */

/* Begin PBXFrameworksBuildPhase section */
		B654CDB927D589DD006B1B46 /* Frameworks */ = {
			isa = PBXFrameworksBuildPhase;
			buildActionMask = 2147483647;
			files = (
			);
			runOnlyForDeploymentPostprocessing = 0;
		};
		B654CDCF27D589DD006B1B46 /* Frameworks */ = {
			isa = PBXFrameworksBuildPhase;
			buildActionMask = 2147483647;
			files = (
			);
			runOnlyForDeploymentPostprocessing = 0;
		};
		B654CDD927D589DE006B1B46 /* Frameworks */ = {
			isa = PBXFrameworksBuildPhase;
			buildActionMask = 2147483647;
			files = (
			);
			runOnlyForDeploymentPostprocessing = 0;
		};
/* End PBXFrameworksBuildPhase section */

/* Begin PBXGroup section */
		B654CDB327D589DD006B1B46 = {
			isa = PBXGroup;
			children = (
				B654CDBE27D589DD006B1B46 /* Sample */,
				B654CDD527D589DD006B1B46 /* SampleTests */,
				B654CDDF27D589DE006B1B46 /* SampleUITests */,
				B654CDBD27D589DD006B1B46 /* Products */,
			);
			sourceTree = "<group>";
		};
		B654CDBD27D589DD006B1B46 /* Products */ = {
			isa = PBXGroup;
			children = (
				B654CDBC27D589DD006B1B46 /* Sample.app */,
				B654CDD227D589DD006B1B46 /* SampleTests.xctest */,
				B654CDDC27D589DE006B1B46 /* SampleUITests.xctest */,
			);
			name = Products;
			sourceTree = "<group>";
		};
		B654CDBE27D589DD006B1B46 /* Sample */ = {
			isa = PBXGroup;
			children = (
				B654CDBF27D589DD006B1B46 /* AppDelegate.swift */,
				B654CDC127D589DD006B1B46 /* SceneDelegate.swift */,
				B654CDC327D589DD006B1B46 /* ViewController.swift */,
				B654CDC527D589DD006B1B46 /* Main.storyboard */,
				B654CDC827D589DD006B1B46 /* Assets.xcassets */,
				B654CDCA27D589DD006B1B46 /* LaunchScreen.storyboard */,
				B654CDCD27D589DD006B1B46 /* Info.plist */,
			);
			path = Sample;
			sourceTree = "<group>";
		};
		B654CDD527D589DD006B1B46 /* SampleTests */ = {
			isa = PBXGroup;
			children = (
				B654CDD627D589DD006B1B46 /* SampleTests.swift */,
			);
			path = SampleTests;
			sourceTree = "<group>";
		};
		B654CDDF27D589DE006B1B46 /* SampleUITests */ = {
			isa = PBXGroup;
			children = (
				B654CDE027D589DE006B1B46 /* SampleUITests.swift */,
				B654CDE227D589DE006B1B46 /* SampleUITestsLaunchTests.swift */,
			);
			path = SampleUITests;
			sourceTree = "<group>";
		};
/* End PBXGroup section */

/* Begin PBXNativeTarget section */
		B654CDBB27D589DD006B1B46 /* Sample */ = {
			isa = PBXNativeTarget;
			buildConfigurationList = B654CDE627D589DE006B1B46 /* Build configuration list for PBXNativeTarget "Sample" */;
			buildPhases = (
				B654CDB827D589DD006B1B46 /* Sources */,
				B654CDB927D589DD006B1B46 /* Frameworks */,
				B654CDBA27D589DD006B1B46 /* Resources */,
			);
			buildRules = (
			);
			dependencies = (
			);
			name = Sample;
			productName = Sample;
			productReference = B654CDBC27D589DD006B1B46 /* Sample.app */;
			productType = "com.apple.product-type.application";
		};
		B654CDD127D589DD006B1B46 /* SampleTests */ = {
			isa = PBXNativeTarget;
			buildConfigurationList = B654CDE927D589DE006B1B46 /* Build configuration list for PBXNativeTarget "SampleTests" */;
			buildPhases = (
				B654CDCE27D589DD006B1B46 /* Sources */,
				B654CDCF27D589DD006B1B46 /* Frameworks */,
				B654CDD027D589DD006B1B46 /* Resources */,
			);
			buildRules = (
			);
			dependencies = (
				B654CDD427D589DD006B1B46 /* PBXTargetDependency */,
			);
			name = SampleTests;
			productName = SampleTests;
			productReference = B654CDD227D589DD006B1B46 /* SampleTests.xctest */;
			productType = "com.apple.product-type.bundle.unit-test";
		};
		B654CDDB27D589DE006B1B46 /* SampleUITests */ = {
			isa = PBXNativeTarget;
			buildConfigurationList = B654CDEC27D589DE006B1B46 /* Build configuration list for PBXNativeTarget "SampleUITests" */;
			buildPhases = (
				B654CDD827D589DE006B1B46 /* Sources */,
				B654CDD927D589DE006B1B46 /* Frameworks */,
				B654CDDA27D589DE006B1B46 /* Resources */,
			);
			buildRules = (
			);
			dependencies = (
				B654CDDE27D589DE006B1B46 /* PBXTargetDependency */,
			);
			name = SampleUITests;
			productName = SampleUITests;
			productReference = B654CDDC27D589DE006B1B46 /* SampleUITests.xctest */;
			productType = "com.apple.product-type.bundle.ui-testing";
		};
/* End PBXNativeTarget section */

/* Begin PBXProject section */
		B654CDB427D589DD006B1B46 /* Project object */ = {
			isa = PBXProject;
			attributes = {
				BuildIndependentTargetsInParallel = 1;
				LastSwiftUpdateCheck = 1320;
				LastUpgradeCheck = 1320;
				TargetAttributes = {
					B654CDBB27D589DD006B1B46 = {
						CreatedOnToolsVersion = 13.2.1;
					};
					B654CDD127D589DD006B1B46 = {
						CreatedOnToolsVersion = 13.2.1;
						TestTargetID = B654CDBB27D589DD006B1B46;
					};
					B654CDDB27D589DE006B1B46 = {
						CreatedOnToolsVersion = 13.2.1;
						TestTargetID = B654CDBB27D589DD006B1B46;
					};
				};
			};
			buildConfigurationList = B654CDB727D589DD006B1B46 /* Build configuration list for PBXProject "Sample" */;
			compatibilityVersion = "Xcode 13.0";
			developmentRegion = en;
			hasScannedForEncodings = 0;
			knownRegions = (
				en,
				Base,
			);
			mainGroup = B654CDB327D589DD006B1B46;
			productRefGroup = B654CDBD27D589DD006B1B46 /* Products */;
			projectDirPath = "";
			projectRoot = "";
			targets = (
				B654CDBB27D589DD006B1B46 /* Sample */,
				B654CDD127D589DD006B1B46 /* SampleTests */,
				B654CDDB27D589DE006B1B46 /* SampleUITests */,
			);
		};
/* End PBXProject section */

/* Begin PBXResourcesBuildPhase section */
		B654CDBA27D589DD006B1B46 /* Resources */ = {
			isa = PBXResourcesBuildPhase;
			buildActionMask = 2147483647;
			files = (
				B654CDCC27D589DD006B1B46 /* LaunchScreen.storyboard in Resources */,
				B654CDC927D589DD006B1B46 /* Assets.xcassets in Resources */,
				B654CDC727D589DD006B1B46 /* Main.storyboard in Resources */,
			);
			runOnlyForDeploymentPostprocessing = 0;
		};
		B654CDD027D589DD006B1B46 /* Resources */ = {
			isa = PBXResourcesBuildPhase;
			buildActionMask = 2147483647;
			files = (
			);
			runOnlyForDeploymentPostprocessing = 0;
		};
		B654CDDA27D589DE006B1B46 /* Resources */ = {
			isa = PBXResourcesBuildPhase;
			buildActionMask = 2147483647;
			files = (
			);
			runOnlyForDeploymentPostprocessing = 0;
		};
/* End PBXResourcesBuildPhase section */

/* Begin PBXSourcesBuildPhase section */
		B654CDB827D589DD006B1B46 /* Sources */ = {
			isa = PBXSourcesBuildPhase;
			buildActionMask = 2147483647;
			files = (
				B654CDC427D589DD006B1B46 /* ViewController.swift in Sources */,
				B654CDC027D589DD006B1B46 /* AppDelegate.swift in Sources */,
				B654CDC227D589DD006B1B46 /* SceneDelegate.swift in Sources */,
			);
			runOnlyForDeploymentPostprocessing = 0;
		};
		B654CDCE27D589DD006B1B46 /* Sources */ = {
			isa = PBXSourcesBuildPhase;
			buildActionMask = 2147483647;
			files = (
				B654CDD727D589DD006B1B46 /* SampleTests.swift in Sources */,
			);
			runOnlyForDeploymentPostprocessing = 0;
		};
		B654CDD827D589DE006B1B46 /* Sources */ = {
			isa = PBXSourcesBuildPhase;
			buildActionMask = 2147483647;
			files = (
				B654CDE327D589DE006B1B46 /* SampleUITestsLaunchTests.swift in Sources */,
				B654CDE127D589DE006B1B46 /* SampleUITests.swift in Sources */,
			);
			runOnlyForDeploymentPostprocessing = 0;
		};
/* End PBXSourcesBuildPhase section */

/* Begin PBXTargetDependency section */
		B654CDD427D589DD006B1B46 /* PBXTargetDependency */ = {
			isa = PBXTargetDependency;
			target = B654CDBB27D589DD006B1B46 /* Sample */;
			targetProxy = B654CDD327D589DD006B1B46 /* PBXContainerItemProxy */;
		};
		B654CDDE27D589DE006B1B46 /* PBXTargetDependency */ = {
			isa = PBXTargetDependency;
			target = B654CDBB27D589DD006B1B46 /* Sample */;
			targetProxy = B654CDDD27D589DE006B1B46 /* PBXContainerItemProxy */;
		};
/* End PBXTargetDependency section */

/* Begin PBXVariantGroup section */
		B654CDC527D589DD006B1B46 /* Main.storyboard */ = {
			isa = PBXVariantGroup;
			children = (
				B654CDC627D589DD006B1B46 /* Base */,
			);
			name = Main.storyboard;
			sourceTree = "<group>";
		};
		B654CDCA27D589DD006B1B46 /* LaunchScreen.storyboard */ = {
			isa = PBXVariantGroup;
			children = (
				B654CDCB27D589DD006B1B46 /* Base */,
			);
			name = LaunchScreen.storyboard;
			sourceTree = "<group>";
		};
/* End PBXVariantGroup section */

/* Begin XCBuildConfiguration section */
		B654CDE427D589DE006B1B46 /* Debug */ = {
			isa = XCBuildConfiguration;
			buildSettings = {
				ALWAYS_SEARCH_USER_PATHS = NO;
				CLANG_ANALYZER_NONNULL = YES;
				CLANG_ANALYZER_NUMBER_OBJECT_CONVERSION = YES_AGGRESSIVE;
				CLANG_CXX_LANGUAGE_STANDARD = "gnu++17";
				CLANG_CXX_LIBRARY = "libc++";
				CLANG_ENABLE_MODULES = YES;
				CLANG_ENABLE_OBJC_ARC = YES;
				CLANG_ENABLE_OBJC_WEAK = YES;
				CLANG_WARN_BLOCK_CAPTURE_AUTORELEASING = YES;
				CLANG_WARN_BOOL_CONVERSION = YES;
				CLANG_WARN_COMMA = YES;
				CLANG_WARN_CONSTANT_CONVERSION = YES;
				CLANG_WARN_DEPRECATED_OBJC_IMPLEMENTATIONS = YES;
				CLANG_WARN_DIRECT_OBJC_ISA_USAGE = YES_ERROR;
				CLANG_WARN_DOCUMENTATION_COMMENTS = YES;
				CLANG_WARN_EMPTY_BODY = YES;
				CLANG_WARN_ENUM_CONVERSION = YES;
				CLANG_WARN_INFINITE_RECURSION = YES;
				CLANG_WARN_INT_CONVERSION = YES;
				CLANG_WARN_NON_LITERAL_NULL_CONVERSION = YES;
				CLANG_WARN_OBJC_IMPLICIT_RETAIN_SELF = YES;
				CLANG_WARN_OBJC_LITERAL_CONVERSION = YES;
				CLANG_WARN_OBJC_ROOT_CLASS = YES_ERROR;
				CLANG_WARN_QUOTED_INCLUDE_IN_FRAMEWORK_HEADER = YES;
				CLANG_WARN_RANGE_LOOP_ANALYSIS = YES;
				CLANG_WARN_STRICT_PROTOTYPES = YES;
				CLANG_WARN_SUSPICIOUS_MOVE = YES;
				CLANG_WARN_UNGUARDED_AVAILABILITY = YES_AGGRESSIVE;
				CLANG_WARN_UNREACHABLE_CODE = YES;
				CLANG_WARN__DUPLICATE_METHOD_MATCH = YES;
				COPY_PHASE_STRIP = NO;
				DEBUG_INFORMATION_FORMAT = dwarf;
				ENABLE_STRICT_OBJC_MSGSEND = YES;
				ENABLE_TESTABILITY = YES;
				GCC_C_LANGUAGE_STANDARD = gnu11;
				GCC_DYNAMIC_NO_PIC = NO;
				GCC_NO_COMMON_BLOCKS = YES;
				GCC_OPTIMIZATION_LEVEL = 0;
				GCC_PREPROCESSOR_DEFINITIONS = (
					"DEBUG=1",
					"$(inherited)",
				);
				GCC_WARN_64_TO_32_BIT_CONVERSION = YES;
				GCC_WARN_ABOUT_RETURN_TYPE = YES_ERROR;
				GCC_WARN_UNDECLARED_SELECTOR = YES;
				GCC_WARN_UNINITIALIZED_AUTOS = YES_AGGRESSIVE;
				GCC_WARN_UNUSED_FUNCTION = YES;
				GCC_WARN_UNUSED_VARIABLE = YES;
				IPHONEOS_DEPLOYMENT_TARGET = 15.2;
				MTL_ENABLE_DEBUG_INFO = INCLUDE_SOURCE;
				MTL_FAST_MATH = YES;
				ONLY_ACTIVE_ARCH = YES;
				SDKROOT = iphoneos;
				SWIFT_ACTIVE_COMPILATION_CONDITIONS = DEBUG;
				SWIFT_OPTIMIZATION_LEVEL = "-Onone";
			};
			name = Debug;
		};
		B654CDE527D589DE006B1B46 /* Release */ = {
			isa = XCBuildConfiguration;
			buildSettings = {
				ALWAYS_SEARCH_USER_PATHS = NO;
				CLANG_ANALYZER_NONNULL = YES;
				CLANG_ANALYZER_NUMBER_OBJECT_CONVERSION = YES_AGGRESSIVE;
				CLANG_CXX_LANGUAGE_STANDARD = "gnu++17";
				CLANG_CXX_LIBRARY = "libc++";
				CLANG_ENABLE_MODULES = YES;
				CLANG_ENABLE_OBJC_ARC = YES;
				CLANG_ENABLE_OBJC_WEAK = YES;
				CLANG_WARN_BLOCK_CAPTURE_AUTORELEASING = YES;
				CLANG_WARN_BOOL_CONVERSION = YES;
				CLANG_WARN_COMMA = YES;
				CLANG_WARN_CONSTANT_CONVERSION = YES;
				CLANG_WARN_DEPRECATED_OBJC_IMPLEMENTATIONS = YES;
				CLANG_WARN_DIRECT_OBJC_ISA_USAGE = YES_ERROR;
				CLANG_WARN_DOCUMENTATION_COMMENTS = YES;
				CLANG_WARN_EMPTY_BODY = YES;
				CLANG_WARN_ENUM_CONVERSION = YES;
				CLANG_WARN_INFINITE_RECURSION = YES;
				CLANG_WARN_INT_CONVERSION = YES;
				CLANG_WARN_NON_LITERAL_NULL_CONVERSION = YES;
				CLANG_WARN_OBJC_IMPLICIT_RETAIN_SELF = YES;
				CLANG_WARN_OBJC_LITERAL_CONVERSION = YES;
				CLANG_WARN_OBJC_ROOT_CLASS = YES_ERROR;
				CLANG_WARN_QUOTED_INCLUDE_IN_FRAMEWORK_HEADER = YES;
				CLANG_WARN_RANGE_LOOP_ANALYSIS = YES;
				CLANG_WARN_STRICT_PROTOTYPES = YES;
				CLANG_WARN_SUSPICIOUS_MOVE = YES;
				CLANG_WARN_UNGUARDED_AVAILABILITY = YES_AGGRESSIVE;
				CLANG_WARN_UNREACHABLE_CODE = YES;
				CLANG_WARN__DUPLICATE_METHOD_MATCH = YES;
				COPY_PHASE_STRIP = NO;
				DEBUG_INFORMATION_FORMAT = "dwarf-with-dsym";
				ENABLE_NS_ASSERTIONS = NO;
				ENABLE_STRICT_OBJC_MSGSEND = YES;
				GCC_C_LANGUAGE_STANDARD = gnu11;
				GCC_NO_COMMON_BLOCKS = YES;
				GCC_WARN_64_TO_32_BIT_CONVERSION = YES;
				GCC_WARN_ABOUT_RETURN_TYPE = YES_ERROR;
				GCC_WARN_UNDECLARED_SELECTOR = YES;
				GCC_WARN_UNINITIALIZED_AUTOS = YES_AGGRESSIVE;
				GCC_WARN_UNUSED_FUNCTION = YES;
				GCC_WARN_UNUSED_VARIABLE = YES;
				IPHONEOS_DEPLOYMENT_TARGET = 15.2;
				MTL_ENABLE_DEBUG_INFO = NO;
				MTL_FAST_MATH = YES;
				SDKROOT = iphoneos;
				SWIFT_COMPILATION_MODE = wholemodule;
				SWIFT_OPTIMIZATION_LEVEL = "-O";
				VALIDATE_PRODUCT = YES;
			};
			name = Release;
		};
		B654CDE727D589DE006B1B46 /* Debug */ = {
			isa = XCBuildConfiguration;
			buildSettings = {
				ASSETCATALOG_COMPILER_APPICON_NAME = AppIcon;
				ASSETCATALOG_COMPILER_GLOBAL_ACCENT_COLOR_NAME = AccentColor;
				CODE_SIGN_STYLE = Automatic;
				CURRENT_PROJECT_VERSION = 1;
				DEVELOPMENT_TEAM = SL6Z6PSCF7;
				GENERATE_INFOPLIST_FILE = YES;
				INFOPLIST_FILE = Sample/Info.plist;
				INFOPLIST_KEY_UIApplicationSupportsIndirectInputEvents = YES;
				INFOPLIST_KEY_UILaunchStoryboardName = LaunchScreen;
				INFOPLIST_KEY_UIMainStoryboardFile = Main;
				INFOPLIST_KEY_UISupportedInterfaceOrientations_iPad = "UIInterfaceOrientationPortrait UIInterfaceOrientationPortraitUpsideDown UIInterfaceOrientationLandscapeLeft UIInterfaceOrientationLandscapeRight";
				INFOPLIST_KEY_UISupportedInterfaceOrientations_iPhone = "UIInterfaceOrientationPortrait UIInterfaceOrientationLandscapeLeft UIInterfaceOrientationLandscapeRight";
				LD_RUNPATH_SEARCH_PATHS = (
					"$(inherited)",
					"@executable_path/Frameworks",
				);
				MARKETING_VERSION = 1.0;
				PRODUCT_BUNDLE_IDENTIFIER = chando.Sample;
				PRODUCT_NAME = "$(TARGET_NAME)";
				SWIFT_EMIT_LOC_STRINGS = YES;
				SWIFT_VERSION = 5.0;
				TARGETED_DEVICE_FAMILY = "1,2";
			};
			name = Debug;
		};
		B654CDE827D589DE006B1B46 /* Release */ = {
			isa = XCBuildConfiguration;
			buildSettings = {
				ASSETCATALOG_COMPILER_APPICON_NAME = AppIcon;
				ASSETCATALOG_COMPILER_GLOBAL_ACCENT_COLOR_NAME = AccentColor;
				CODE_SIGN_STYLE = Automatic;
				CURRENT_PROJECT_VERSION = 1;
				DEVELOPMENT_TEAM = SL6Z6PSCF7;
				GENERATE_INFOPLIST_FILE = YES;
				INFOPLIST_FILE = Sample/Info.plist;
				INFOPLIST_KEY_UIApplicationSupportsIndirectInputEvents = YES;
				INFOPLIST_KEY_UILaunchStoryboardName = LaunchScreen;
				INFOPLIST_KEY_UIMainStoryboardFile = Main;
				INFOPLIST_KEY_UISupportedInterfaceOrientations_iPad = "UIInterfaceOrientationPortrait UIInterfaceOrientationPortraitUpsideDown UIInterfaceOrientationLandscapeLeft UIInterfaceOrientationLandscapeRight";
				INFOPLIST_KEY_UISupportedInterfaceOrientations_iPhone = "UIInterfaceOrientationPortrait UIInterfaceOrientationLandscapeLeft UIInterfaceOrientationLandscapeRight";
				LD_RUNPATH_SEARCH_PATHS = (
					"$(inherited)",
					"@executable_path/Frameworks",
				);
				MARKETING_VERSION = 1.0;
				PRODUCT_BUNDLE_IDENTIFIER = chando.Sample;
				PRODUCT_NAME = "$(TARGET_NAME)";
				SWIFT_EMIT_LOC_STRINGS = YES;
				SWIFT_VERSION = 5.0;
				TARGETED_DEVICE_FAMILY = "1,2";
			};
			name = Release;
		};
		B654CDEA27D589DE006B1B46 /* Debug */ = {
			isa = XCBuildConfiguration;
			buildSettings = {
				ALWAYS_EMBED_SWIFT_STANDARD_LIBRARIES = YES;
				BUNDLE_LOADER = "$(TEST_HOST)";
				CODE_SIGN_STYLE = Automatic;
				CURRENT_PROJECT_VERSION = 1;
				DEVELOPMENT_TEAM = SL6Z6PSCF7;
				GENERATE_INFOPLIST_FILE = YES;
				IPHONEOS_DEPLOYMENT_TARGET = 15.2;
				MARKETING_VERSION = 1.0;
				PRODUCT_BUNDLE_IDENTIFIER = chando.SampleTests;
				PRODUCT_NAME = "$(TARGET_NAME)";
				SWIFT_EMIT_LOC_STRINGS = NO;
				SWIFT_VERSION = 5.0;
				TARGETED_DEVICE_FAMILY = "1,2";
				TEST_HOST = "$(BUILT_PRODUCTS_DIR)/Sample.app/Sample";
			};
			name = Debug;
		};
		B654CDEB27D589DE006B1B46 /* Release */ = {
			isa = XCBuildConfiguration;
			buildSettings = {
				ALWAYS_EMBED_SWIFT_STANDARD_LIBRARIES = YES;
				BUNDLE_LOADER = "$(TEST_HOST)";
				CODE_SIGN_STYLE = Automatic;
				CURRENT_PROJECT_VERSION = 1;
				DEVELOPMENT_TEAM = SL6Z6PSCF7;
				GENERATE_INFOPLIST_FILE = YES;
				IPHONEOS_DEPLOYMENT_TARGET = 15.2;
				MARKETING_VERSION = 1.0;
				PRODUCT_BUNDLE_IDENTIFIER = chando.SampleTests;
				PRODUCT_NAME = "$(TARGET_NAME)";
				SWIFT_EMIT_LOC_STRINGS = NO;
				SWIFT_VERSION = 5.0;
				TARGETED_DEVICE_FAMILY = "1,2";
				TEST_HOST = "$(BUILT_PRODUCTS_DIR)/Sample.app/Sample";
			};
			name = Release;
		};
		B654CDED27D589DE006B1B46 /* Debug */ = {
			isa = XCBuildConfiguration;
			buildSettings = {
				ALWAYS_EMBED_SWIFT_STANDARD_LIBRARIES = YES;
				CODE_SIGN_STYLE = Automatic;
				CURRENT_PROJECT_VERSION = 1;
				DEVELOPMENT_TEAM = SL6Z6PSCF7;
				GENERATE_INFOPLIST_FILE = YES;
				MARKETING_VERSION = 1.0;
				PRODUCT_BUNDLE_IDENTIFIER = chando.SampleUITests;
				PRODUCT_NAME = "$(TARGET_NAME)";
				SWIFT_EMIT_LOC_STRINGS = NO;
				SWIFT_VERSION = 5.0;
				TARGETED_DEVICE_FAMILY = "1,2";
				TEST_TARGET_NAME = Sample;
			};
			name = Debug;
		};
		B654CDEE27D589DE006B1B46 /* Release */ = {
			isa = XCBuildConfiguration;
			buildSettings = {
				ALWAYS_EMBED_SWIFT_STANDARD_LIBRARIES = YES;
				CODE_SIGN_STYLE = Automatic;
				CURRENT_PROJECT_VERSION = 1;
				DEVELOPMENT_TEAM = SL6Z6PSCF7;
				GENERATE_INFOPLIST_FILE = YES;
				MARKETING_VERSION = 1.0;
				PRODUCT_BUNDLE_IDENTIFIER = chando.SampleUITests;
				PRODUCT_NAME = "$(TARGET_NAME)";
				SWIFT_EMIT_LOC_STRINGS = NO;
				SWIFT_VERSION = 5.0;
				TARGETED_DEVICE_FAMILY = "1,2";
				TEST_TARGET_NAME = Sample;
			};
			name = Release;
		};
/* End XCBuildConfiguration section */

/* Begin XCConfigurationList section */
		B654CDB727D589DD006B1B46 /* Build configuration list for PBXProject "Sample" */ = {
			isa = XCConfigurationList;
			buildConfigurations = (
				B654CDE427D589DE006B1B46 /* Debug */,
				B654CDE527D589DE006B1B46 /* Release */,
			);
			defaultConfigurationIsVisible = 0;
			defaultConfigurationName = Release;
		};
		B654CDE627D589DE006B1B46 /* Build configuration list for PBXNativeTarget "Sample" */ = {
			isa = XCConfigurationList;
			buildConfigurations = (
				B654CDE727D589DE006B1B46 /* Debug */,
				B654CDE827D589DE006B1B46 /* Release */,
			);
			defaultConfigurationIsVisible = 0;
			defaultConfigurationName = Release;
		};
		B654CDE927D589DE006B1B46 /* Build configuration list for PBXNativeTarget "SampleTests" */ = {
			isa = XCConfigurationList;
			buildConfigurations = (
				B654CDEA27D589DE006B1B46 /* Debug */,
				B654CDEB27D589DE006B1B46 /* Release */,
			);
			defaultConfigurationIsVisible = 0;
			defaultConfigurationName = Release;
		};
		B654CDEC27D589DE006B1B46 /* Build configuration list for PBXNativeTarget "SampleUITests" */ = {
			isa = XCConfigurationList;
			buildConfigurations = (
				B654CDED27D589DE006B1B46 /* Debug */,
				B654CDEE27D589DE006B1B46 /* Release */,
			);
			defaultConfigurationIsVisible = 0;
			defaultConfigurationName = Release;
		};
/* End XCConfigurationList section */
	};
	rootObject = B654CDB427D589DD006B1B46 /* Project object */;
}
